
Microsoft Visual Studio Solution File, Format Version 12.00
# Visual Studio Version 17
VisualStudioVersion = 17.0.31903.59
MinimumVisualStudioVersion = 10.0.40219.1
Project("{2150E333-8FDC-42A3-9474-1A3956D46DE8}") = "src", "src", "{827E0CD3-B72D-47B6-A68D-7590B98EB39B}"
EndProject
Project("{FAE04EC0-301F-11D3-BF4B-00C04F79EFBC}") = "MSSQLPlanViewer.Web", "src\MSSQLPlanViewer.Web\MSSQLPlanViewer.Web.csproj", "{90C0DCF0-3A8D-401A-A385-CC19A02E200F}"
EndProject
Project("{FAE04EC0-301F-11D3-BF4B-00C04F79EFBC}") = "MSSQLPlanViewer.Core", "src\MSSQLPlanViewer.Core\MSSQLPlanViewer.Core.csproj", "{5FFF7139-943E-416D-A619-F1047861B59D}"
EndProject
Project("{2150E333-8FDC-42A3-9474-1A3956D46DE8}") = "tests", "tests", "{0AB3BF05-4346-4AA6-1389-037BE0695223}"
EndProject
Project("{FAE04EC0-301F-11D3-BF4B-00C04F79EFBC}") = "MSSQLPlanViewer.Core.Tests", "tests\MSSQLPlanViewer.Core.Tests\MSSQLPlanViewer.Core.Tests.csproj", "{68122778-5207-4604-BF01-832FCD522937}"
EndProject
Global
	GlobalSection(SolutionConfigurationPlatforms) = preSolution
		Debug|Any CPU = Debug|Any CPU
		Debug|x64 = Debug|x64
		Debug|x86 = Debug|x86
		Release|Any CPU = Release|Any CPU
		Release|x64 = Release|x64
		Release|x86 = Release|x86
	EndGlobalSection
	GlobalSection(ProjectConfigurationPlatforms) = postSolution
		{90C0DCF0-3A8D-401A-A385-CC19A02E200F}.Debug|Any CPU.ActiveCfg = Debug|Any CPU
		{90C0DCF0-3A8D-401A-A385-CC19A02E200F}.Debug|Any CPU.Build.0 = Debug|Any CPU
		{90C0DCF0-3A8D-401A-A385-CC19A02E200F}.Debug|x64.ActiveCfg = Debug|Any CPU
		{90C0DCF0-3A8D-401A-A385-CC19A02E200F}.Debug|x64.Build.0 = Debug|Any CPU
		{90C0DCF0-3A8D-401A-A385-CC19A02E200F}.Debug|x86.ActiveCfg = Debug|Any CPU
		{90C0DCF0-3A8D-401A-A385-CC19A02E200F}.Debug|x86.Build.0 = Debug|Any CPU
		{90C0DCF0-3A8D-401A-A385-CC19A02E200F}.Release|Any CPU.ActiveCfg = Release|Any CPU
		{90C0DCF0-3A8D-401A-A385-CC19A02E200F}.Release|Any CPU.Build.0 = Release|Any CPU
		{90C0DCF0-3A8D-401A-A385-CC19A02E200F}.Release|x64.ActiveCfg = Release|Any CPU
		{90C0DCF0-3A8D-401A-A385-CC19A02E200F}.Release|x64.Build.0 = Release|Any CPU
		{90C0DCF0-3A8D-401A-A385-CC19A02E200F}.Release|x86.ActiveCfg = Release|Any CPU
		{90C0DCF0-3A8D-401A-A385-CC19A02E200F}.Release|x86.Build.0 = Release|Any CPU
		{5FFF7139-943E-416D-A619-F1047861B59D}.Debug|Any CPU.ActiveCfg = Debug|Any CPU
		{5FFF7139-943E-416D-A619-F1047861B59D}.Debug|Any CPU.Build.0 = Debug|Any CPU
		{5FFF7139-943E-416D-A619-F1047861B59D}.Debug|x64.ActiveCfg = Debug|Any CPU
		{5FFF7139-943E-416D-A619-F1047861B59D}.Debug|x64.Build.0 = Debug|Any CPU
		{5FFF7139-943E-416D-A619-F1047861B59D}.Debug|x86.ActiveCfg = Debug|Any CPU
		{5FFF7139-943E-416D-A619-F1047861B59D}.Debug|x86.Build.0 = Debug|Any CPU
		{5FFF7139-943E-416D-A619-F1047861B59D}.Release|Any CPU.ActiveCfg = Release|Any CPU
		{5FFF7139-943E-416D-A619-F1047861B59D}.Release|Any CPU.Build.0 = Release|Any CPU
		{5FFF7139-943E-416D-A619-F1047861B59D}.Release|x64.ActiveCfg = Release|Any CPU
		{5FFF7139-943E-416D-A619-F1047861B59D}.Release|x64.Build.0 = Release|Any CPU
		{5FFF7139-943E-416D-A619-F1047861B59D}.Release|x86.ActiveCfg = Release|Any CPU
		{5FFF7139-943E-416D-A619-F1047861B59D}.Release|x86.Build.0 = Release|Any CPU
		{68122778-5207-4604-BF01-832FCD522937}.Debug|Any CPU.ActiveCfg = Debug|Any CPU
		{68122778-5207-4604-BF01-832FCD522937}.Debug|Any CPU.Build.0 = Debug|Any CPU
		{68122778-5207-4604-BF01-832FCD522937}.Debug|x64.ActiveCfg = Debug|Any CPU
		{68122778-5207-4604-BF01-832FCD522937}.Debug|x64.Build.0 = Debug|Any CPU
		{68122778-5207-4604-BF01-832FCD522937}.Debug|x86.ActiveCfg = Debug|Any CPU
		{68122778-5207-4604-BF01-832FCD522937}.Debug|x86.Build.0 = Debug|Any CPU
		{68122778-5207-4604-BF01-832FCD522937}.Release|Any CPU.ActiveCfg = Release|Any CPU
		{68122778-5207-4604-BF01-832FCD522937}.Release|Any CPU.Build.0 = Release|Any CPU
		{68122778-5207-4604-BF01-832FCD522937}.Release|x64.ActiveCfg = Release|Any CPU
		{68122778-5207-4604-BF01-832FCD522937}.Release|x64.Build.0 = Release|Any CPU
		{68122778-5207-4604-BF01-832FCD522937}.Release|x86.ActiveCfg = Release|Any CPU
		{68122778-5207-4604-BF01-832FCD522937}.Release|x86.Build.0 = Release|Any CPU
	EndGlobalSection
	GlobalSection(SolutionProperties) = preSolution
		HideSolutionNode = FALSE
	EndGlobalSection
	GlobalSection(NestedProjects) = preSolution
		{90C0DCF0-3A8D-401A-A385-CC19A02E200F} = {827E0CD3-B72D-47B6-A68D-7590B98EB39B}
		{5FFF7139-943E-416D-A619-F1047861B59D} = {827E0CD3-B72D-47B6-A68D-7590B98EB39B}
		{68122778-5207-4604-BF01-832FCD522937} = {0AB3BF05-4346-4AA6-1389-037BE0695223}
	EndGlobalSection
EndGlobal
